{
  "object": {
    "pins": [
      {
        "package": "HardikSPM",
        "repositoryURL": "https://github.com/hardikhadwani-hurix/MyFirstSPM",
        "state": {
          "branch": null,
          "revision": "15229b86387661d076824a6bfe890a746276b729",
          "version": "1.2.1"
        }
      }
    ]
  },
  "version": 1
}
